
Microsoft Visual Studio Solution File, Format Version 12.00
# Visual Studio Version 17
VisualStudioVersion = 17.14.36518.9 d17.14
MinimumVisualStudioVersion = 10.0.40219.1
Project("{FAE04EC0-301F-11D3-BF4B-00C04F79EFBC}") = "ApiCdd2030", "..\ApiCdd2030\ApiCdd2030.csproj", "{1AF84F9F-5ECE-4706-B230-10ACB5F327BB}"
EndProject
Project("{FAE04EC0-301F-11D3-BF4B-00C04F79EFBC}") = "Capadedatos", "..\Capadedatos\Capadedatos.csproj", "{A7D6FBF8-AF94-4776-A63C-B100CE70CD9D}"
EndProject
Project("{FAE04EC0-301F-11D3-BF4B-00C04F79EFBC}") = "pruebas", "..\pruebas\pruebas.csproj", "{ED9846C9-2658-41A8-9D7C-FB015C133B0F}"
EndProject
Global
	GlobalSection(SolutionConfigurationPlatforms) = preSolution
		Debug|Any CPU = Debug|Any CPU
		Release|Any CPU = Release|Any CPU
	EndGlobalSection
	GlobalSection(ProjectConfigurationPlatforms) = postSolution
		{1AF84F9F-5ECE-4706-B230-10ACB5F327BB}.Debug|Any CPU.ActiveCfg = Debug|Any CPU
		{1AF84F9F-5ECE-4706-B230-10ACB5F327BB}.Debug|Any CPU.Build.0 = Debug|Any CPU
		{1AF84F9F-5ECE-4706-B230-10ACB5F327BB}.Release|Any CPU.ActiveCfg = Release|Any CPU
		{1AF84F9F-5ECE-4706-B230-10ACB5F327BB}.Release|Any CPU.Build.0 = Release|Any CPU
		{A7D6FBF8-AF94-4776-A63C-B100CE70CD9D}.Debug|Any CPU.ActiveCfg = Debug|Any CPU
		{A7D6FBF8-AF94-4776-A63C-B100CE70CD9D}.Debug|Any CPU.Build.0 = Debug|Any CPU
		{A7D6FBF8-AF94-4776-A63C-B100CE70CD9D}.Release|Any CPU.ActiveCfg = Release|Any CPU
		{A7D6FBF8-AF94-4776-A63C-B100CE70CD9D}.Release|Any CPU.Build.0 = Release|Any CPU
		{ED9846C9-2658-41A8-9D7C-FB015C133B0F}.Debug|Any CPU.ActiveCfg = Debug|Any CPU
		{ED9846C9-2658-41A8-9D7C-FB015C133B0F}.Debug|Any CPU.Build.0 = Debug|Any CPU
		{ED9846C9-2658-41A8-9D7C-FB015C133B0F}.Release|Any CPU.ActiveCfg = Release|Any CPU
		{ED9846C9-2658-41A8-9D7C-FB015C133B0F}.Release|Any CPU.Build.0 = Release|Any CPU
	EndGlobalSection
	GlobalSection(SolutionProperties) = preSolution
		HideSolutionNode = FALSE
	EndGlobalSection
	GlobalSection(ExtensibilityGlobals) = postSolution
		SolutionGuid = {924BC185-3118-43D8-A7D2-864331CE6A5E}
	EndGlobalSection
EndGlobal
